
Microsoft Visual Studio Solution File, Format Version 12.00
# Visual Studio 14
VisualStudioVersion = 14.0.25420.1
MinimumVisualStudioVersion = 10.0.40219.1
Project("{FAE04EC0-301F-11D3-BF4B-00C04F79EFBC}") = "HomeWork2", "HomeWork2\HomeWork2.csproj", "{5E480DE9-5B4F-4214-B484-92EDA6F882D1}"
EndProject
Project("{FAE04EC0-301F-11D3-BF4B-00C04F79EFBC}") = "HomeWork1", "HomeWork1\HomeWork1.csproj", "{E5C2E160-AAC1-4691-9C92-1D86157E8F12}"
EndProject
Project("{FAE04EC0-301F-11D3-BF4B-00C04F79EFBC}") = "HomeWork3", "HomeWork3\HomeWork3.csproj", "{DFBECB08-45B5-423C-94C3-BFA495A13876}"
EndProject
Project("{FAE04EC0-301F-11D3-BF4B-00C04F79EFBC}") = "HomeWork4", "HomeWork4\HomeWork4.csproj", "{9FF92AEF-835F-4F09-9EC7-436508F21354}"
EndProject
Project("{FAE04EC0-301F-11D3-BF4B-00C04F79EFBC}") = "HomeWork5", "HomeWork5\HomeWork5.csproj", "{A2B63E45-8CAD-4F5C-9B2A-848B3A089358}"
EndProject
Project("{FAE04EC0-301F-11D3-BF4B-00C04F79EFBC}") = "HomeWork6", "HomeWork6\HomeWork6.csproj", "{D573DEE1-A67E-49CA-999C-D8899C486391}"
EndProject
Project("{FAE04EC0-301F-11D3-BF4B-00C04F79EFBC}") = "Utils", "Utils\Utils.csproj", "{9019F7C7-1A97-431B-8AE1-BDDADDB55396}"
EndProject
Project("{FAE04EC0-301F-11D3-BF4B-00C04F79EFBC}") = "HomeWork7", "HomeWork7\HomeWork7.csproj", "{74BB394B-AB55-4117-8DD2-A9D992B5C804}"
EndProject
Project("{FAE04EC0-301F-11D3-BF4B-00C04F79EFBC}") = "BankSystem", "BankSystem\BankSystem.csproj", "{7B2D1460-7463-4A50-900E-32D6ED6D3099}"
EndProject
Project("{FAE04EC0-301F-11D3-BF4B-00C04F79EFBC}") = "HomeWork8", "HomeWork8\HomeWork8.csproj", "{8999DF77-BDB1-4A22-827F-076503FB7201}"
EndProject
Project("{FAE04EC0-301F-11D3-BF4B-00C04F79EFBC}") = "Pharmacy", "Pharmacy\Pharmacy.csproj", "{C7E325E9-DC56-478C-92F1-55DB0ABC70E2}"
EndProject
Global
	GlobalSection(SolutionConfigurationPlatforms) = preSolution
		Debug|Any CPU = Debug|Any CPU
		Release|Any CPU = Release|Any CPU
	EndGlobalSection
	GlobalSection(ProjectConfigurationPlatforms) = postSolution
		{5E480DE9-5B4F-4214-B484-92EDA6F882D1}.Debug|Any CPU.ActiveCfg = Debug|Any CPU
		{5E480DE9-5B4F-4214-B484-92EDA6F882D1}.Debug|Any CPU.Build.0 = Debug|Any CPU
		{5E480DE9-5B4F-4214-B484-92EDA6F882D1}.Release|Any CPU.ActiveCfg = Release|Any CPU
		{5E480DE9-5B4F-4214-B484-92EDA6F882D1}.Release|Any CPU.Build.0 = Release|Any CPU
		{E5C2E160-AAC1-4691-9C92-1D86157E8F12}.Debug|Any CPU.ActiveCfg = Debug|Any CPU
		{E5C2E160-AAC1-4691-9C92-1D86157E8F12}.Debug|Any CPU.Build.0 = Debug|Any CPU
		{E5C2E160-AAC1-4691-9C92-1D86157E8F12}.Release|Any CPU.ActiveCfg = Release|Any CPU
		{E5C2E160-AAC1-4691-9C92-1D86157E8F12}.Release|Any CPU.Build.0 = Release|Any CPU
		{DFBECB08-45B5-423C-94C3-BFA495A13876}.Debug|Any CPU.ActiveCfg = Debug|Any CPU
		{DFBECB08-45B5-423C-94C3-BFA495A13876}.Debug|Any CPU.Build.0 = Debug|Any CPU
		{DFBECB08-45B5-423C-94C3-BFA495A13876}.Release|Any CPU.ActiveCfg = Release|Any CPU
		{DFBECB08-45B5-423C-94C3-BFA495A13876}.Release|Any CPU.Build.0 = Release|Any CPU
		{9FF92AEF-835F-4F09-9EC7-436508F21354}.Debug|Any CPU.ActiveCfg = Debug|Any CPU
		{9FF92AEF-835F-4F09-9EC7-436508F21354}.Debug|Any CPU.Build.0 = Debug|Any CPU
		{9FF92AEF-835F-4F09-9EC7-436508F21354}.Release|Any CPU.ActiveCfg = Release|Any CPU
		{9FF92AEF-835F-4F09-9EC7-436508F21354}.Release|Any CPU.Build.0 = Release|Any CPU
		{A2B63E45-8CAD-4F5C-9B2A-848B3A089358}.Debug|Any CPU.ActiveCfg = Debug|Any CPU
		{A2B63E45-8CAD-4F5C-9B2A-848B3A089358}.Debug|Any CPU.Build.0 = Debug|Any CPU
		{A2B63E45-8CAD-4F5C-9B2A-848B3A089358}.Release|Any CPU.ActiveCfg = Release|Any CPU
		{A2B63E45-8CAD-4F5C-9B2A-848B3A089358}.Release|Any CPU.Build.0 = Release|Any CPU
		{D573DEE1-A67E-49CA-999C-D8899C486391}.Debug|Any CPU.ActiveCfg = Debug|Any CPU
		{D573DEE1-A67E-49CA-999C-D8899C486391}.Debug|Any CPU.Build.0 = Debug|Any CPU
		{D573DEE1-A67E-49CA-999C-D8899C486391}.Release|Any CPU.ActiveCfg = Release|Any CPU
		{D573DEE1-A67E-49CA-999C-D8899C486391}.Release|Any CPU.Build.0 = Release|Any CPU
		{9019F7C7-1A97-431B-8AE1-BDDADDB55396}.Debug|Any CPU.ActiveCfg = Debug|Any CPU
		{9019F7C7-1A97-431B-8AE1-BDDADDB55396}.Debug|Any CPU.Build.0 = Debug|Any CPU
		{9019F7C7-1A97-431B-8AE1-BDDADDB55396}.Release|Any CPU.ActiveCfg = Release|Any CPU
		{9019F7C7-1A97-431B-8AE1-BDDADDB55396}.Release|Any CPU.Build.0 = Release|Any CPU
		{74BB394B-AB55-4117-8DD2-A9D992B5C804}.Debug|Any CPU.ActiveCfg = Debug|Any CPU
		{74BB394B-AB55-4117-8DD2-A9D992B5C804}.Debug|Any CPU.Build.0 = Debug|Any CPU
		{74BB394B-AB55-4117-8DD2-A9D992B5C804}.Release|Any CPU.ActiveCfg = Release|Any CPU
		{74BB394B-AB55-4117-8DD2-A9D992B5C804}.Release|Any CPU.Build.0 = Release|Any CPU
		{7B2D1460-7463-4A50-900E-32D6ED6D3099}.Debug|Any CPU.ActiveCfg = Debug|Any CPU
		{7B2D1460-7463-4A50-900E-32D6ED6D3099}.Debug|Any CPU.Build.0 = Debug|Any CPU
		{7B2D1460-7463-4A50-900E-32D6ED6D3099}.Release|Any CPU.ActiveCfg = Release|Any CPU
		{7B2D1460-7463-4A50-900E-32D6ED6D3099}.Release|Any CPU.Build.0 = Release|Any CPU
		{8999DF77-BDB1-4A22-827F-076503FB7201}.Debug|Any CPU.ActiveCfg = Debug|Any CPU
		{8999DF77-BDB1-4A22-827F-076503FB7201}.Debug|Any CPU.Build.0 = Debug|Any CPU
		{8999DF77-BDB1-4A22-827F-076503FB7201}.Release|Any CPU.ActiveCfg = Release|Any CPU
		{8999DF77-BDB1-4A22-827F-076503FB7201}.Release|Any CPU.Build.0 = Release|Any CPU
		{C7E325E9-DC56-478C-92F1-55DB0ABC70E2}.Debug|Any CPU.ActiveCfg = Debug|Any CPU
		{C7E325E9-DC56-478C-92F1-55DB0ABC70E2}.Debug|Any CPU.Build.0 = Debug|Any CPU
		{C7E325E9-DC56-478C-92F1-55DB0ABC70E2}.Release|Any CPU.ActiveCfg = Release|Any CPU
		{C7E325E9-DC56-478C-92F1-55DB0ABC70E2}.Release|Any CPU.Build.0 = Release|Any CPU
	EndGlobalSection
	GlobalSection(SolutionProperties) = preSolution
		HideSolutionNode = FALSE
	EndGlobalSection
EndGlobal
